
Microsoft Visual Studio Solution File, Format Version 12.00
# Visual Studio Version 16
VisualStudioVersion = 16.0.31019.35
MinimumVisualStudioVersion = 10.0.40219.1
Project("{FAE04EC0-301F-11D3-BF4B-00C04F79EFBC}") = "WindowsFormsApp7", "WindowsFormsApp7\WindowsFormsApp7.csproj", "{8B57B10D-1130-4105-A92E-8FA2E33DAB9C}"
EndProject
Global
	GlobalSection(SolutionConfigurationPlatforms) = preSolution
		Debug|Any CPU = Debug|Any CPU
		Release|Any CPU = Release|Any CPU
	EndGlobalSection
	GlobalSection(ProjectConfigurationPlatforms) = postSolution
		{8B57B10D-1130-4105-A92E-8FA2E33DAB9C}.Debug|Any CPU.ActiveCfg = Debug|Any CPU
		{8B57B10D-1130-4105-A92E-8FA2E33DAB9C}.Debug|Any CPU.Build.0 = Debug|Any CPU
		{8B57B10D-1130-4105-A92E-8FA2E33DAB9C}.Release|Any CPU.ActiveCfg = Release|Any CPU
		{8B57B10D-1130-4105-A92E-8FA2E33DAB9C}.Release|Any CPU.Build.0 = Release|Any CPU
	EndGlobalSection
	GlobalSection(SolutionProperties) = preSolution
		HideSolutionNode = FALSE
	EndGlobalSection
	GlobalSection(ExtensibilityGlobals) = postSolution
		SolutionGuid = {DC1526AA-DB03-4508-B57D-C6A8F8AB5F08}
	EndGlobalSection
EndGlobal
